
Microsoft Visual Studio Solution File, Format Version 12.00
# Visual Studio Version 17
VisualStudioVersion = 17.4.33403.182
MinimumVisualStudioVersion = 10.0.40219.1
Project("{FAE04EC0-301F-11D3-BF4B-00C04F79EFBC}") = "StudentLibrary", "StudentLibrary\StudentLibrary.csproj", "{F7CB59F5-CE96-44B7-9973-E8D5E0039ED5}"
EndProject
Project("{FAE04EC0-301F-11D3-BF4B-00C04F79EFBC}") = "RegisterApp", "RegisterApp\RegisterApp.csproj", "{CD54F9AF-2BC1-4F46-A725-FD589C683BFE}"
EndProject
Global
	GlobalSection(SolutionConfigurationPlatforms) = preSolution
		Debug|Any CPU = Debug|Any CPU
		Release|Any CPU = Release|Any CPU
	EndGlobalSection
	GlobalSection(ProjectConfigurationPlatforms) = postSolution
		{F7CB59F5-CE96-44B7-9973-E8D5E0039ED5}.Debug|Any CPU.ActiveCfg = Debug|Any CPU
		{F7CB59F5-CE96-44B7-9973-E8D5E0039ED5}.Debug|Any CPU.Build.0 = Debug|Any CPU
		{F7CB59F5-CE96-44B7-9973-E8D5E0039ED5}.Release|Any CPU.ActiveCfg = Release|Any CPU
		{F7CB59F5-CE96-44B7-9973-E8D5E0039ED5}.Release|Any CPU.Build.0 = Release|Any CPU
		{CD54F9AF-2BC1-4F46-A725-FD589C683BFE}.Debug|Any CPU.ActiveCfg = Debug|Any CPU
		{CD54F9AF-2BC1-4F46-A725-FD589C683BFE}.Debug|Any CPU.Build.0 = Debug|Any CPU
		{CD54F9AF-2BC1-4F46-A725-FD589C683BFE}.Release|Any CPU.ActiveCfg = Release|Any CPU
		{CD54F9AF-2BC1-4F46-A725-FD589C683BFE}.Release|Any CPU.Build.0 = Release|Any CPU
	EndGlobalSection
	GlobalSection(SolutionProperties) = preSolution
		HideSolutionNode = FALSE
	EndGlobalSection
	GlobalSection(ExtensibilityGlobals) = postSolution
		SolutionGuid = {35478676-E192-432A-8293-CD2539ECC2E2}
	EndGlobalSection
EndGlobal
