
Microsoft Visual Studio Solution File, Format Version 12.00
# Visual Studio Version 16
VisualStudioVersion = 16.0.31729.503
MinimumVisualStudioVersion = 10.0.40219.1
Project("{FAE04EC0-301F-11D3-BF4B-00C04F79EFBC}") = "StudentLibrary", "StudentLibrary\StudentLibrary.csproj", "{81BD4241-F2A1-4919-9B6B-E40BCAFD4146}"
EndProject
Project("{FAE04EC0-301F-11D3-BF4B-00C04F79EFBC}") = "RegisterApp", "RegisterApp\RegisterApp.csproj", "{AA3108E5-8542-4CBD-9D34-156D6823DCBC}"
EndProject
Global
	GlobalSection(SolutionConfigurationPlatforms) = preSolution
		Debug|Any CPU = Debug|Any CPU
		Release|Any CPU = Release|Any CPU
	EndGlobalSection
	GlobalSection(ProjectConfigurationPlatforms) = postSolution
		{81BD4241-F2A1-4919-9B6B-E40BCAFD4146}.Debug|Any CPU.ActiveCfg = Debug|Any CPU
		{81BD4241-F2A1-4919-9B6B-E40BCAFD4146}.Debug|Any CPU.Build.0 = Debug|Any CPU
		{81BD4241-F2A1-4919-9B6B-E40BCAFD4146}.Release|Any CPU.ActiveCfg = Release|Any CPU
		{81BD4241-F2A1-4919-9B6B-E40BCAFD4146}.Release|Any CPU.Build.0 = Release|Any CPU
		{AA3108E5-8542-4CBD-9D34-156D6823DCBC}.Debug|Any CPU.ActiveCfg = Debug|Any CPU
		{AA3108E5-8542-4CBD-9D34-156D6823DCBC}.Debug|Any CPU.Build.0 = Debug|Any CPU
		{AA3108E5-8542-4CBD-9D34-156D6823DCBC}.Release|Any CPU.ActiveCfg = Release|Any CPU
		{AA3108E5-8542-4CBD-9D34-156D6823DCBC}.Release|Any CPU.Build.0 = Release|Any CPU
	EndGlobalSection
	GlobalSection(SolutionProperties) = preSolution
		HideSolutionNode = FALSE
	EndGlobalSection
	GlobalSection(ExtensibilityGlobals) = postSolution
		SolutionGuid = {C5491DB9-91F7-496D-B9E5-9217DF4AA863}
	EndGlobalSection
EndGlobal
