
Microsoft Visual Studio Solution File, Format Version 12.00
# Visual Studio Version 17
VisualStudioVersion = 17.4.33403.182
MinimumVisualStudioVersion = 10.0.40219.1
Project("{FAE04EC0-301F-11D3-BF4B-00C04F79EFBC}") = "LedSeriesResistorCalculator", "LedSeriesResistorCalculator\LedSeriesResistorCalculator.csproj", "{535A61BA-2C89-4E23-8B2E-850E15F2438A}"
EndProject
Global
	GlobalSection(SolutionConfigurationPlatforms) = preSolution
		Debug|Any CPU = Debug|Any CPU
		Release|Any CPU = Release|Any CPU
	EndGlobalSection
	GlobalSection(ProjectConfigurationPlatforms) = postSolution
		{535A61BA-2C89-4E23-8B2E-850E15F2438A}.Debug|Any CPU.ActiveCfg = Debug|Any CPU
		{535A61BA-2C89-4E23-8B2E-850E15F2438A}.Debug|Any CPU.Build.0 = Debug|Any CPU
		{535A61BA-2C89-4E23-8B2E-850E15F2438A}.Release|Any CPU.ActiveCfg = Release|Any CPU
		{535A61BA-2C89-4E23-8B2E-850E15F2438A}.Release|Any CPU.Build.0 = Release|Any CPU
	EndGlobalSection
	GlobalSection(SolutionProperties) = preSolution
		HideSolutionNode = FALSE
	EndGlobalSection
	GlobalSection(ExtensibilityGlobals) = postSolution
		SolutionGuid = {AEFB514B-1F2F-498F-824C-5928C7BF7BB6}
	EndGlobalSection
EndGlobal
